
Microsoft Visual Studio Solution File, Format Version 12.00
# Visual Studio 15
VisualStudioVersion = 15.0.28307.960
MinimumVisualStudioVersion = 10.0.40219.1
Project("{FAE04EC0-301F-11D3-BF4B-00C04F79EFBC}") = "TestTMMtoMFIntegration", "TestTMMtoMFIntegration\TestTMMtoMFIntegration.csproj", "{31B63716-06EE-4DC3-84D2-D147E7714DC6}"
EndProject
Global
	GlobalSection(SolutionConfigurationPlatforms) = preSolution
		Debug|Any CPU = Debug|Any CPU
		Release|Any CPU = Release|Any CPU
	EndGlobalSection
	GlobalSection(ProjectConfigurationPlatforms) = postSolution
		{31B63716-06EE-4DC3-84D2-D147E7714DC6}.Debug|Any CPU.ActiveCfg = Debug|Any CPU
		{31B63716-06EE-4DC3-84D2-D147E7714DC6}.Debug|Any CPU.Build.0 = Debug|Any CPU
		{31B63716-06EE-4DC3-84D2-D147E7714DC6}.Release|Any CPU.ActiveCfg = Release|Any CPU
		{31B63716-06EE-4DC3-84D2-D147E7714DC6}.Release|Any CPU.Build.0 = Release|Any CPU
	EndGlobalSection
	GlobalSection(SolutionProperties) = preSolution
		HideSolutionNode = FALSE
	EndGlobalSection
	GlobalSection(ExtensibilityGlobals) = postSolution
		SolutionGuid = {77A881E0-282A-4F93-8654-ED1D43D03D1C}
	EndGlobalSection
EndGlobal
